{
  "requires": true,
  "lockfileVersion": 1,
  "dependencies": {
    "bootstrap": {
      "version": "3.3.7",
      "resolved": "https://registry.npmjs.org/bootstrap/-/bootstrap-3.3.7.tgz",
      "integrity": "sha1-WjiTlFSfIzMIdaOxUGVldPip63E="
    },
    "jquery": {
      "version": "3.2.1",
      "resolved": "https://registry.npmjs.org/jquery/-/jquery-3.2.1.tgz",
      "integrity": "sha1-XE2d5lKvbNCncBVKYxu6ErAVx4c="
    },
    "ngx-bootstrap": {
      "version": "2.0.0-rc.0",
      "resolved": "https://registry.npmjs.org/ngx-bootstrap/-/ngx-bootstrap-2.0.0-rc.0.tgz",
      "integrity": "sha512-BhVJ0lAODa4HZej9ikdqDnYNjx8QDbvfz0i7hdtZsKivTEnJD8wPDrSwQ3XVAbw/NUOXmKwgFoZG6rtcubYKmQ=="
    }
  }
}
